
Microsoft Visual Studio Solution File, Format Version 12.00
# Visual Studio Version 17
VisualStudioVersion = 17.9.34616.47
MinimumVisualStudioVersion = 10.0.40219.1
Project("{FAE04EC0-301F-11D3-BF4B-00C04F79EFBC}") = "ProjectControl.Api", "ProjectControl.Api.csproj", "{EC8242DA-0F66-4772-A090-859651ABDF75}"
EndProject
Project("{FAE04EC0-301F-11D3-BF4B-00C04F79EFBC}") = "ProjectControl.Core", "..\ProjectControl.Core\ProjectControl.Core.csproj", "{BC5983DF-C9F7-4A76-B161-45627AA7C5EE}"
EndProject
Project("{FAE04EC0-301F-11D3-BF4B-00C04F79EFBC}") = "ProjectControl.Infrastructure", "..\ProjectControl.Infrastructure\ProjectControl.Infrastructure.csproj", "{D78C9DD2-C3D4-46B5-AECF-6F1F6690044D}"
EndProject
Project("{FAE04EC0-301F-11D3-BF4B-00C04F79EFBC}") = "ProjectControl.UnitTest", "..\ProjectControl.UnitTest\ProjectControl.UnitTest.csproj", "{C12907D9-5429-42BF-B9A1-E7E59361BE22}"
EndProject
Project("{FAE04EC0-301F-11D3-BF4B-00C04F79EFBC}") = "ProjectControl.IntegrationTest", "..\ProjectControl.IntegrationTest\ProjectControl.IntegrationTest.csproj", "{BE4DCCC9-1FCA-4C96-AED5-9EE8887E042B}"
EndProject
Global
	GlobalSection(SolutionConfigurationPlatforms) = preSolution
		Debug|Any CPU = Debug|Any CPU
		Release|Any CPU = Release|Any CPU
	EndGlobalSection
	GlobalSection(ProjectConfigurationPlatforms) = postSolution
		{EC8242DA-0F66-4772-A090-859651ABDF75}.Debug|Any CPU.ActiveCfg = Debug|Any CPU
		{EC8242DA-0F66-4772-A090-859651ABDF75}.Debug|Any CPU.Build.0 = Debug|Any CPU
		{EC8242DA-0F66-4772-A090-859651ABDF75}.Release|Any CPU.ActiveCfg = Release|Any CPU
		{EC8242DA-0F66-4772-A090-859651ABDF75}.Release|Any CPU.Build.0 = Release|Any CPU
		{BC5983DF-C9F7-4A76-B161-45627AA7C5EE}.Debug|Any CPU.ActiveCfg = Debug|Any CPU
		{BC5983DF-C9F7-4A76-B161-45627AA7C5EE}.Debug|Any CPU.Build.0 = Debug|Any CPU
		{BC5983DF-C9F7-4A76-B161-45627AA7C5EE}.Release|Any CPU.ActiveCfg = Release|Any CPU
		{BC5983DF-C9F7-4A76-B161-45627AA7C5EE}.Release|Any CPU.Build.0 = Release|Any CPU
		{D78C9DD2-C3D4-46B5-AECF-6F1F6690044D}.Debug|Any CPU.ActiveCfg = Debug|Any CPU
		{D78C9DD2-C3D4-46B5-AECF-6F1F6690044D}.Debug|Any CPU.Build.0 = Debug|Any CPU
		{D78C9DD2-C3D4-46B5-AECF-6F1F6690044D}.Release|Any CPU.ActiveCfg = Release|Any CPU
		{D78C9DD2-C3D4-46B5-AECF-6F1F6690044D}.Release|Any CPU.Build.0 = Release|Any CPU
		{C12907D9-5429-42BF-B9A1-E7E59361BE22}.Debug|Any CPU.ActiveCfg = Debug|Any CPU
		{C12907D9-5429-42BF-B9A1-E7E59361BE22}.Debug|Any CPU.Build.0 = Debug|Any CPU
		{C12907D9-5429-42BF-B9A1-E7E59361BE22}.Release|Any CPU.ActiveCfg = Release|Any CPU
		{C12907D9-5429-42BF-B9A1-E7E59361BE22}.Release|Any CPU.Build.0 = Release|Any CPU
		{BE4DCCC9-1FCA-4C96-AED5-9EE8887E042B}.Debug|Any CPU.ActiveCfg = Debug|Any CPU
		{BE4DCCC9-1FCA-4C96-AED5-9EE8887E042B}.Debug|Any CPU.Build.0 = Debug|Any CPU
		{BE4DCCC9-1FCA-4C96-AED5-9EE8887E042B}.Release|Any CPU.ActiveCfg = Release|Any CPU
		{BE4DCCC9-1FCA-4C96-AED5-9EE8887E042B}.Release|Any CPU.Build.0 = Release|Any CPU
	EndGlobalSection
	GlobalSection(SolutionProperties) = preSolution
		HideSolutionNode = FALSE
	EndGlobalSection
	GlobalSection(ExtensibilityGlobals) = postSolution
		SolutionGuid = {1B3801D7-A6AD-4801-9698-6D314AE8F762}
	EndGlobalSection
EndGlobal
